
Microsoft Visual Studio Solution File, Format Version 12.00
# Visual Studio Version 16
VisualStudioVersion = 16.0.30907.101
MinimumVisualStudioVersion = 10.0.40219.1
Project("{9A19103F-16F7-4668-BE54-9A1E7A4F7556}") = "BarManagerA.Host", "BarManagerA\BarManagerA.Host.csproj", "{CBC94CEA-1A65-4E46-B9F3-12340350A690}"
EndProject
Project("{9A19103F-16F7-4668-BE54-9A1E7A4F7556}") = "BarManagerA.Models", "BarManagerA.Models\BarManagerA.Models.csproj", "{CCA75AC3-3A37-4C66-8A52-F4E86379F19F}"
EndProject
Project("{FAE04EC0-301F-11D3-BF4B-00C04F79EFBC}") = "BarManagerA.DL", "BarManagerA.DL\BarManagerA.DL.csproj", "{15559075-1358-4A0C-BFBA-A5CEF2E39173}"
EndProject
Global
	GlobalSection(SolutionConfigurationPlatforms) = preSolution
		Debug|Any CPU = Debug|Any CPU
		Release|Any CPU = Release|Any CPU
	EndGlobalSection
	GlobalSection(ProjectConfigurationPlatforms) = postSolution
		{CBC94CEA-1A65-4E46-B9F3-12340350A690}.Debug|Any CPU.ActiveCfg = Debug|Any CPU
		{CBC94CEA-1A65-4E46-B9F3-12340350A690}.Debug|Any CPU.Build.0 = Debug|Any CPU
		{CBC94CEA-1A65-4E46-B9F3-12340350A690}.Release|Any CPU.ActiveCfg = Release|Any CPU
		{CBC94CEA-1A65-4E46-B9F3-12340350A690}.Release|Any CPU.Build.0 = Release|Any CPU
		{CCA75AC3-3A37-4C66-8A52-F4E86379F19F}.Debug|Any CPU.ActiveCfg = Debug|Any CPU
		{CCA75AC3-3A37-4C66-8A52-F4E86379F19F}.Debug|Any CPU.Build.0 = Debug|Any CPU
		{CCA75AC3-3A37-4C66-8A52-F4E86379F19F}.Release|Any CPU.ActiveCfg = Release|Any CPU
		{CCA75AC3-3A37-4C66-8A52-F4E86379F19F}.Release|Any CPU.Build.0 = Release|Any CPU
		{15559075-1358-4A0C-BFBA-A5CEF2E39173}.Debug|Any CPU.ActiveCfg = Debug|Any CPU
		{15559075-1358-4A0C-BFBA-A5CEF2E39173}.Debug|Any CPU.Build.0 = Debug|Any CPU
		{15559075-1358-4A0C-BFBA-A5CEF2E39173}.Release|Any CPU.ActiveCfg = Release|Any CPU
		{15559075-1358-4A0C-BFBA-A5CEF2E39173}.Release|Any CPU.Build.0 = Release|Any CPU
	EndGlobalSection
	GlobalSection(SolutionProperties) = preSolution
		HideSolutionNode = FALSE
	EndGlobalSection
	GlobalSection(ExtensibilityGlobals) = postSolution
		SolutionGuid = {AD8E9C4A-70F3-4083-8DCC-B120ED7E1718}
	EndGlobalSection
EndGlobal
